
Microsoft Visual Studio Solution File, Format Version 12.00
# Visual Studio 15
VisualStudioVersion = 15.0.28010.2046
MinimumVisualStudioVersion = 10.0.40219.1
Project("{FAE04EC0-301F-11D3-BF4B-00C04F79EFBC}") = "WebApplication1", "WebApplication1\WebApplication1.csproj", "{DE6A6E2B-8C38-4A1B-9916-B9C3330348B6}"
EndProject
Global
	GlobalSection(SolutionConfigurationPlatforms) = preSolution
		Debug|Any CPU = Debug|Any CPU
		Release|Any CPU = Release|Any CPU
	EndGlobalSection
	GlobalSection(ProjectConfigurationPlatforms) = postSolution
		{DE6A6E2B-8C38-4A1B-9916-B9C3330348B6}.Debug|Any CPU.ActiveCfg = Debug|Any CPU
		{DE6A6E2B-8C38-4A1B-9916-B9C3330348B6}.Debug|Any CPU.Build.0 = Debug|Any CPU
		{DE6A6E2B-8C38-4A1B-9916-B9C3330348B6}.Release|Any CPU.ActiveCfg = Release|Any CPU
		{DE6A6E2B-8C38-4A1B-9916-B9C3330348B6}.Release|Any CPU.Build.0 = Release|Any CPU
	EndGlobalSection
	GlobalSection(SolutionProperties) = preSolution
		HideSolutionNode = FALSE
	EndGlobalSection
	GlobalSection(ExtensibilityGlobals) = postSolution
		SolutionGuid = {BC889F4C-7124-47D8-96E0-EBDC73DFD81C}
	EndGlobalSection
EndGlobal
